{
  "version": "5",
  "specifiers": {
    "jsr:@deno/kv-utils@~0.1.3": "0.1.3",
    "jsr:@kitsonk/kv-toolbox@~0.27.4": "0.27.4",
    "jsr:@kyeotic/server@^1.4.14": "1.4.14",
    "jsr:@negrel/http-ece@0.6.0": "0.6.0",
    "jsr:@negrel/webpush@0.3": "0.3.0",
    "jsr:@panva/jose@^6.0.10": "6.0.10",
    "jsr:@std/assert@0.224": "0.224.0",
    "jsr:@std/assert@1": "1.0.11",
    "jsr:@std/bytes@0.224.0": "0.224.0",
    "jsr:@std/bytes@1": "1.0.5",
    "jsr:@std/bytes@^1.0.3": "1.0.5",
    "jsr:@std/cli@^1.0.12": "1.0.14",
    "jsr:@std/crypto@1": "1.0.4",
    "jsr:@std/encoding@*": "1.0.7",
    "jsr:@std/encoding@0.224.0": "0.224.0",
    "jsr:@std/encoding@1": "1.0.7",
    "jsr:@std/encoding@^1.0.5": "1.0.7",
    "jsr:@std/encoding@^1.0.7": "1.0.7",
    "jsr:@std/fmt@^1.0.5": "1.0.6",
    "jsr:@std/html@^1.0.3": "1.0.3",
    "jsr:@std/http@^1.0.13": "1.0.13",
    "jsr:@std/internal@^1.0.5": "1.0.6",
    "jsr:@std/media-types@0.224.0": "0.224.0",
    "jsr:@std/media-types@1": "1.1.0",
    "jsr:@std/media-types@^1.1.0": "1.1.0",
    "jsr:@std/net@^1.0.4": "1.0.4",
    "jsr:@std/path@0.224.0": "0.224.0",
    "jsr:@std/path@^1.0.8": "1.0.8",
    "jsr:@std/streams@^1.0.9": "1.0.9",
    "jsr:@std/ulid@*": "1.0.0",
    "jsr:@std/ulid@1": "1.0.0",
    "npm:@trpc/server@11": "11.0.0_typescript@5.8.2",
    "npm:date-fns@^4.1.0": "4.1.0",
    "npm:lodash-es@^4.17.21": "4.17.21",
    "npm:nanoid@^5.1.5": "5.1.5",
    "npm:neat-csv@latest": "7.0.0",
    "npm:superjson@^2.2.2": "2.2.2",
    "npm:url-join@5": "5.0.0",
    "npm:zod@^3.25.48": "3.25.48"
  },
  "jsr": {
    "@deno/kv-utils@0.1.3": {
      "integrity": "f3877510f82ce78a1946f6fc9727393d44421928c971572c18d90f9206448e98",
      "dependencies": [
        "jsr:@std/bytes@^1.0.3",
        "jsr:@std/encoding@^1.0.5"
      ]
    },
    "@kitsonk/kv-toolbox@0.27.4": {
      "integrity": "71c59db174e73d618e8ef51ba8ac1ba769725f6ec0a52c2c09de295c98b3b0a8",
      "dependencies": [
        "jsr:@deno/kv-utils",
        "jsr:@std/assert@1",
        "jsr:@std/bytes@1",
        "jsr:@std/crypto",
        "jsr:@std/encoding@1",
        "jsr:@std/media-types@1"
      ]
    },
    "@kyeotic/server@1.4.14": {
      "integrity": "4782de98b9ddd783d619160cdf879222018bdc6ca89a8b62a017aad1c2ae31e5",
      "dependencies": [
        "jsr:@panva/jose",
        "jsr:@std/http",
        "jsr:@std/path@^1.0.8",
        "jsr:@std/ulid@1",
        "npm:lodash-es",
        "npm:url-join"
      ]
    },
    "@negrel/http-ece@0.6.0": {
      "integrity": "7afdd81b86ea5b21a9677b323c01c3338705e11cc2bfed250870f5349d8f86f7",
      "dependencies": [
        "jsr:@std/bytes@0.224.0",
        "jsr:@std/encoding@0.224.0"
      ]
    },
    "@negrel/webpush@0.3.0": {
      "integrity": "5200a56e81668f2debadea228fbeabfe0eda2ee85a56786611dd97950bc51b23",
      "dependencies": [
        "jsr:@negrel/http-ece",
        "jsr:@std/bytes@0.224.0",
        "jsr:@std/encoding@0.224.0",
        "jsr:@std/media-types@0.224.0",
        "jsr:@std/path@0.224.0"
      ]
    },
    "@panva/jose@6.0.10": {
      "integrity": "bd6e916d7b0bdb34a76752c701aaa25828326885e199714ac81741b6caef7143"
    },
    "@std/assert@0.224.0": {
      "integrity": "8643233ec7aec38a940a8264a6e3eed9bfa44e7a71cc6b3c8874213ff401967f"
    },
    "@std/assert@1.0.11": {
      "integrity": "2461ef3c368fe88bc60e186e7744a93112f16fd110022e113a0849e94d1c83c1",
      "dependencies": [
        "jsr:@std/internal"
      ]
    },
    "@std/bytes@0.224.0": {
      "integrity": "a2250e1d0eb7d1c5a426f21267ab9bdeac2447fa87a3d0d1a467d3f7a6058e49"
    },
    "@std/bytes@1.0.5": {
      "integrity": "4465dd739d7963d964c809202ebea6d5c6b8e3829ef25c6a224290fbb8a1021e"
    },
    "@std/cli@1.0.14": {
      "integrity": "b09ee9921cd476c0e08185ed2bfce682d45ecf4654f26c31b4aa244a2c5c024e"
    },
    "@std/crypto@1.0.4": {
      "integrity": "cee245c453bd5366207f4d8aa25ea3e9c86cecad2be3fefcaa6cb17203d79340"
    },
    "@std/encoding@0.224.0": {
      "integrity": "efb6dca97d3e9c31392bd5c8cfd9f9fc9decf5a1f4d1f78af7900a493bcf89b5"
    },
    "@std/encoding@1.0.7": {
      "integrity": "f631247c1698fef289f2de9e2a33d571e46133b38d042905e3eac3715030a82d"
    },
    "@std/fmt@1.0.6": {
      "integrity": "a2c56a69a2369876ddb3ad6a500bb6501b5bad47bb3ea16bfb0c18974d2661fc"
    },
    "@std/html@1.0.3": {
      "integrity": "7a0ac35e050431fb49d44e61c8b8aac1ebd55937e0dc9ec6409aa4bab39a7988"
    },
    "@std/http@1.0.13": {
      "integrity": "d29618b982f7ae44380111f7e5b43da59b15db64101198bb5f77100d44eb1e1e",
      "dependencies": [
        "jsr:@std/cli",
        "jsr:@std/encoding@^1.0.7",
        "jsr:@std/fmt",
        "jsr:@std/html",
        "jsr:@std/media-types@^1.1.0",
        "jsr:@std/net",
        "jsr:@std/path@^1.0.8",
        "jsr:@std/streams"
      ]
    },
    "@std/internal@1.0.6": {
      "integrity": "9533b128f230f73bd209408bb07a4b12f8d4255ab2a4d22a1fd6d87304aca9a4"
    },
    "@std/media-types@0.224.0": {
      "integrity": "5ac87989393f8cb1c81bee02aef6f5d4c8289b416deabc04f9ad25dff292d0b0"
    },
    "@std/media-types@1.1.0": {
      "integrity": "c9d093f0c05c3512932b330e3cc1fe1d627b301db33a4c2c2185c02471d6eaa4"
    },
    "@std/net@1.0.4": {
      "integrity": "2f403b455ebbccf83d8a027d29c5a9e3a2452fea39bb2da7f2c04af09c8bc852"
    },
    "@std/path@0.224.0": {
      "integrity": "55bca6361e5a6d158b9380e82d4981d82d338ec587de02951e2b7c3a24910ee6",
      "dependencies": [
        "jsr:@std/assert@0.224"
      ]
    },
    "@std/path@1.0.8": {
      "integrity": "548fa456bb6a04d3c1a1e7477986b6cffbce95102d0bb447c67c4ee70e0364be"
    },
    "@std/streams@1.0.9": {
      "integrity": "a9d26b1988cdd7aa7b1f4b51e1c36c1557f3f252880fa6cc5b9f37078b1a5035"
    },
    "@std/ulid@1.0.0": {
      "integrity": "d41c3d27a907714413649fee864b7cde8d42ee68437d22b79d5de4f81d808780"
    }
  },
  "npm": {
    "@trpc/server@11.0.0_typescript@5.8.2": {
      "integrity": "sha512-xY9q/b/wR/tWGYTm5xmRjivkYD2EZZXmOKmHuNJRYZuLbieeNUsdfQRjJC409WB1pjKWInomhHwuA8bahZJ4lQ==",
      "dependencies": [
        "typescript"
      ]
    },
    "copy-anything@3.0.5": {
      "integrity": "sha512-yCEafptTtb4bk7GLEQoM8KVJpxAfdBJYaXyzQEgQQQgYrZiDp8SJmGKlYza6CYjEDNstAdNdKA3UuoULlEbS6w==",
      "dependencies": [
        "is-what"
      ]
    },
    "csv-parser@3.2.0": {
      "integrity": "sha512-fgKbp+AJbn1h2dcAHKIdKNSSjfp43BZZykXsCjzALjKy80VXQNHPFJ6T9Afwdzoj24aMkq8GwDS7KGcDPpejrA==",
      "bin": true
    },
    "date-fns@4.1.0": {
      "integrity": "sha512-Ukq0owbQXxa/U3EGtsdVBkR1w7KOQ5gIBqdH2hkvknzZPYvBxb/aa6E8L7tmjFtkwZBu3UXBbjIgPo/Ez4xaNg=="
    },
    "get-stream@6.0.1": {
      "integrity": "sha512-ts6Wi+2j3jQjqi70w5AlN8DFnkSwC+MqmxEzdEALB2qXZYV3X/b1CTfgPLGJNMeAWxdPfU8FO1ms3NUfaHCPYg=="
    },
    "is-what@4.1.16": {
      "integrity": "sha512-ZhMwEosbFJkA0YhFnNDgTM4ZxDRsS6HqTo7qsZM08fehyRYIYa0yHu5R6mgo1n/8MgaPBXiPimPD77baVFYg+A=="
    },
    "lodash-es@4.17.21": {
      "integrity": "sha512-mKnC+QJ9pWVzv+C4/U3rRsHapFfHvQFoFB92e52xeyGMcX6/OlIl78je1u8vePzYZSkkogMPJ2yjxxsb89cxyw=="
    },
    "nanoid@5.1.5": {
      "integrity": "sha512-Ir/+ZpE9fDsNH0hQ3C68uyThDXzYcim2EqcZ8zn8Chtt1iylPT9xXJB0kPCnqzgcEGikO9RxSrh63MsmVCU7Fw==",
      "bin": true
    },
    "neat-csv@7.0.0": {
      "integrity": "sha512-ZmiKZNkdqb6hrBU3lDHm52vWXs6CuFPfw6ZoJZNnY7IIpfA1fxM0UPPi+iQpqQo82qcLbsZPwLkQ1cdrMDtwwA==",
      "dependencies": [
        "csv-parser",
        "get-stream"
      ]
    },
    "superjson@2.2.2": {
      "integrity": "sha512-5JRxVqC8I8NuOUjzBbvVJAKNM8qoVuH0O77h4WInc/qC2q5IreqKxYwgkga3PfA22OayK2ikceb/B26dztPl+Q==",
      "dependencies": [
        "copy-anything"
      ]
    },
    "typescript@5.8.2": {
      "integrity": "sha512-aJn6wq13/afZp/jT9QZmwEjDqqvSGp1VT5GVg+f/t6/oVyrgXM6BY1h9BRh/O5p3PlUPAe+WuiEZOmb/49RqoQ==",
      "bin": true
    },
    "url-join@5.0.0": {
      "integrity": "sha512-n2huDr9h9yzd6exQVnH/jU5mr+Pfx08LRXXZhkLLetAMESRj+anQsTAh940iMrIetKAmry9coFuZQ2jY8/p3WA=="
    },
    "zod@3.25.48": {
      "integrity": "sha512-0X1mz8FtgEIvaxGjdIImYpZEaZMrund9pGXm3M6vM7Reba0e2eI71KPjSCGXBfwKDPwPoywf6waUKc3/tFvX2Q=="
    }
  },
  "workspace": {
    "dependencies": [
      "jsr:@kitsonk/kv-toolbox@~0.27.4",
      "jsr:@kyeotic/server@^1.4.14",
      "jsr:@negrel/webpush@0.3",
      "jsr:@std/assert@1",
      "jsr:@std/encoding@0.224.0",
      "jsr:@std/http@^1.0.13",
      "jsr:@std/path@^1.0.8",
      "jsr:@std/ulid@1",
      "npm:@trpc/server@11",
      "npm:date-fns@^4.1.0",
      "npm:lodash-es@^4.17.21",
      "npm:nanoid@^5.1.5",
      "npm:superjson@^2.2.2",
      "npm:url-join@5",
      "npm:zod@^3.25.48"
    ]
  }
}
